# This file is automatically @generated by Poetry 1.7.1 and should not be changed by hand.

[[package]]
name = "cffi"
version = "1.17.0rc1"
description = "Foreign Function Interface for Python calling C code."
optional = false
python-versions = ">=3.8"
files = [
    {file = "cffi-1.17.0rc1-cp310-cp310-macosx_10_9_x86_64.whl", hash = "sha256:b6f35a638639298d4f9dca59db1f7568860ea179ace42318d658698850f2f540"},
    {file = "cffi-1.17.0rc1-cp310-cp310-macosx_11_0_arm64.whl", hash = "sha256:bf62263af2a3fadaf992775e0e555d657546dee30d3ca8a2ed1559c90006d46e"},
    {file = "cffi-1.17.0rc1-cp310-cp310-manylinux_2_12_i686.manylinux2010_i686.manylinux_2_17_i686.manylinux2014_i686.whl", hash = "sha256:1da24a9bf6fd9ab987a915887f0d3577d0a0b3946d582b776b380294dc5fce18"},
    {file = "cffi-1.17.0rc1-cp310-cp310-manylinux_2_17_aarch64.manylinux2014_aarch64.whl", hash = "sha256:157cfe06e48356a7552e68cb73976a710f2620a5f9eb25a5fe7066cf71601b68"},
    {file = "cffi-1.17.0rc1-cp310-cp310-manylinux_2_17_ppc64le.manylinux2014_ppc64le.whl", hash = "sha256:e547a347a983bda467ae8d8b607d278cdf8a37bea735399d655c82cba3f5d725"},
    {file = "cffi-1.17.0rc1-cp310-cp310-manylinux_2_17_s390x.manylinux2014_s390x.whl", hash = "sha256:1fee79745f50734490d3358f9cb6578f57850bb61287256115dda2a513abe3c6"},
    {file = "cffi-1.17.0rc1-cp310-cp310-manylinux_2_17_x86_64.manylinux2014_x86_64.whl", hash = "sha256:f6e933e0118a97df454139ca84a28473a024429c7c1eb82619a56ef886b07583"},
    {file = "cffi-1.17.0rc1-cp310-cp310-musllinux_1_1_aarch64.whl", hash = "sha256:1db9f6fcf79e92ee2d193cd989dde4e1419193ff11eef4bcc00cb06293e22f4b"},
    {file = "cffi-1.17.0rc1-cp310-cp310-musllinux_1_1_i686.whl", hash = "sha256:3c4b0e03d0d9f3a31110994bf657076f3821ad1a88e2cdb7c3e43b4e4f96e7b0"},
    {file = "cffi-1.17.0rc1-cp310-cp310-musllinux_1_1_x86_64.whl", hash = "sha256:b57fa5d8a1a2cc960613e0e578867d21a018f4405e9bad31c7b0af2b14004f2b"},
    {file = "cffi-1.17.0rc1-cp310-cp310-win32.whl", hash = "sha256:3113951a250b021d2092e870fe86cd4292a633a786f7ece67200663406409659"},
    {file = "cffi-1.17.0rc1-cp310-cp310-win_amd64.whl", hash = "sha256:94af5cfe8eb0d2742435458b8c8708aeb88f17fb48372bc4dacb87671e1ba867"},
    {file = "cffi-1.17.0rc1-cp311-cp311-macosx_10_9_x86_64.whl", hash = "sha256:98e89b4eabb3f98c7882016cb4c498bded7882ad655f80d7a9d23043a1d12d43"},
    {file = "cffi-1.17.0rc1-cp311-cp311-macosx_11_0_arm64.whl", hash = "sha256:d1089e9654cbbeb4e3ba84caa5eb0a92371fcac6ba43b14514680d339068abed"},
    {file = "cffi-1.17.0rc1-cp311-cp311-manylinux_2_12_i686.manylinux2010_i686.manylinux_2_17_i686.manylinux2014_i686.whl", hash = "sha256:84269088c987aa34045ee808b8a3c5f44397403f1afeff65429cd7c9e123dc01"},
    {file = "cffi-1.17.0rc1-cp311-cp311-manylinux_2_17_aarch64.manylinux2014_aarch64.whl", hash = "sha256:ffe885231b8b58f18149e9eaece2d556602aeb233161c069618bda31f3a30d04"},
    {file = "cffi-1.17.0rc1-cp311-cp311-manylinux_2_17_ppc64le.manylinux2014_ppc64le.whl", hash = "sha256:3ea7190f834a5979e30bc4af334c031303a4f16f38216599645034751d683171"},
    {file = "cffi-1.17.0rc1-cp311-cp311-manylinux_2_17_s390x.manylinux2014_s390x.whl", hash = "sha256:85b997ce260a93010a72767c0f2f7c405524cada076792a9baad75cef435f293"},
    {file = "cffi-1.17.0rc1-cp311-cp311-manylinux_2_17_x86_64.manylinux2014_x86_64.whl", hash = "sha256:58463f9a28f4357f4a07a94fbb0dca91486f6948f19a4971e0bedd6292ef0394"},
    {file = "cffi-1.17.0rc1-cp311-cp311-musllinux_1_1_aarch64.whl", hash = "sha256:6df680dccdb5fcd257343532d5354c0059a6e5e4bc27b24a6a310cc51ba35a31"},
    {file = "cffi-1.17.0rc1-cp311-cp311-musllinux_1_1_i686.whl", hash = "sha256:319ec248b55d34a49d7a43c48f2cf922b526e5ad2a3988887cc822a0c226b983"},
    {file = "cffi-1.17.0rc1-cp311-cp311-musllinux_1_1_x86_64.whl", hash = "sha256:625eb8d8d377438cfbf64899e09969d20cd139019838a60644f05216f7c7767d"},
    {file = "cffi-1.17.0rc1-cp311-cp311-win32.whl", hash = "sha256:6a891c9e564527b4e65d65f87e3e989c3369329d04b39c49f279a91266287b85"},
    {file = "cffi-1.17.0rc1-cp311-cp311-win_amd64.whl", hash = "sha256:3745df375d5e66261295840fa219797251ff6a30afedfae650576ab2b10f43db"},
    {file = "cffi-1.17.0rc1-cp312-cp312-macosx_10_9_x86_64.whl", hash = "sha256:ec95c379f5ebd92cd09e3e8183da9afee8c2da2544593fe091421ed2d757f3c1"},
    {file = "cffi-1.17.0rc1-cp312-cp312-macosx_11_0_arm64.whl", hash = "sha256:614afb2f32d5ea64a946643d798f3391d53bba868290e7433f4eaae7d1692e06"},
    {file = "cffi-1.17.0rc1-cp312-cp312-manylinux_2_12_i686.manylinux2010_i686.manylinux_2_17_i686.manylinux2014_i686.whl", hash = "sha256:35bd512b1a16723b8c50665c3fe83c80789f7e5599c8f0721ef145552b6853e7"},
    {file = "cffi-1.17.0rc1-cp312-cp312-manylinux_2_17_aarch64.manylinux2014_aarch64.whl", hash = "sha256:9e39b8008534eedae1bde35d7cd5b71069f8aa7e6c079ae549a0de68299af43c"},
    {file = "cffi-1.17.0rc1-cp312-cp312-manylinux_2_17_ppc64le.manylinux2014_ppc64le.whl", hash = "sha256:730a92dd144eb89f69c7b61ba4e6ac48ee6a01ba92f70c17e277c3e2c49b253d"},
    {file = "cffi-1.17.0rc1-cp312-cp312-manylinux_2_17_s390x.manylinux2014_s390x.whl", hash = "sha256:a4b7e94db6e6bc2582fa540175384070edbd63c61103b182f57be3a958c0b7ad"},
    {file = "cffi-1.17.0rc1-cp312-cp312-manylinux_2_17_x86_64.manylinux2014_x86_64.whl", hash = "sha256:2e5562c744d495f838dc0fbe9cd76cff27ebea0a2e747dd84dd8a7e47bcd3c8f"},
    {file = "cffi-1.17.0rc1-cp312-cp312-musllinux_1_1_aarch64.whl", hash = "sha256:7e12962a21ba417611c7f9ae3e7f42d5354b68bf3c894af7796c171f6a965acf"},
    {file = "cffi-1.17.0rc1-cp312-cp312-musllinux_1_1_x86_64.whl", hash = "sha256:b3245d8073632f958cf239a198c0c3bed112a59d6ee2202e85367955b92794c6"},
    {file = "cffi-1.17.0rc1-cp312-cp312-win32.whl", hash = "sha256:e6c686d93378b18a7b26bbb376dab75716a72bd95c04b7f2cff9094ac66a4582"},
    {file = "cffi-1.17.0rc1-cp312-cp312-win_amd64.whl", hash = "sha256:ba993bea9f3195dc2f8dd9e3739f97f41eac5d71f5804d1ef87ee1283a13a280"},
    {file = "cffi-1.17.0rc1-cp313-cp313-macosx_10_9_x86_64.whl", hash = "sha256:9b5cb07680e7d3c522733d14fbc0cac0660b597a2e33d8bbd305537b65eb6a51"},
    {file = "cffi-1.17.0rc1-cp313-cp313-macosx_11_0_arm64.whl", hash = "sha256:e27ceb498d5a93f7fe833c5a3a85f8b9f0a4f1a182f1d37936e9ed31dda6926b"},
    {file = "cffi-1.17.0rc1-cp313-cp313-manylinux_2_12_i686.manylinux2010_i686.manylinux_2_17_i686.manylinux2014_i686.whl", hash = "sha256:39b9131ed6c28f63132dee75d1fa5653436cb46fc7e6a097af29f32c7f5f8eca"},
    {file = "cffi-1.17.0rc1-cp313-cp313-manylinux_2_17_aarch64.manylinux2014_aarch64.whl", hash = "sha256:a72748e56cd5edfc808c508da6e4b903225d1ed4c45463c28edf188ffea6d442"},
    {file = "cffi-1.17.0rc1-cp313-cp313-manylinux_2_17_ppc64le.manylinux2014_ppc64le.whl", hash = "sha256:7249add87681d15f1a291e096f49350b28c44be958c5ca650d8c4dfbce3a458f"},
    {file = "cffi-1.17.0rc1-cp313-cp313-manylinux_2_17_s390x.manylinux2014_s390x.whl", hash = "sha256:cfc1d8a64c44544a01b06b1688dca70433dc47e2d46f462c9ee6dc02ab233ba8"},
    {file = "cffi-1.17.0rc1-cp313-cp313-manylinux_2_17_x86_64.manylinux2014_x86_64.whl", hash = "sha256:1c9f4df436f3780f2dbea2ff066cea0bb2f74425883bc5b098812768da2b34f7"},
    {file = "cffi-1.17.0rc1-cp313-cp313-musllinux_1_1_aarch64.whl", hash = "sha256:8e7b261c3ea000b9a7c4fd40dd54ec3749d4592808025261d82e82f6457e8b7f"},
    {file = "cffi-1.17.0rc1-cp313-cp313-musllinux_1_1_x86_64.whl", hash = "sha256:c82e1f580f3dd473a9d8b213071dfd8da07f7a433b04ba6be4773ada211d3fdb"},
    {file = "cffi-1.17.0rc1-cp313-cp313-win32.whl", hash = "sha256:205051765f126c1480d1eaf6268c644262bae3ed610423f0783349f04e7f5a6b"},
    {file = "cffi-1.17.0rc1-cp313-cp313-win_amd64.whl", hash = "sha256:98c7f31f55c4d0f9dba7da07bab8cd822cff6ac8dbea28ea8385e3a1e7074ac6"},
    {file = "cffi-1.17.0rc1-cp38-cp38-macosx_10_9_x86_64.whl", hash = "sha256:475d2832950f9a65740aeb20d5baf6d84cf0d08a7063c8c6c407ec24cac41881"},
    {file = "cffi-1.17.0rc1-cp38-cp38-manylinux_2_12_i686.manylinux2010_i686.manylinux_2_17_i686.manylinux2014_i686.whl", hash = "sha256:98eaba1ed99a0a219cabe7d8bb716d9d87aeeb1b6f33792bcf84cc222c1a37b1"},
    {file = "cffi-1.17.0rc1-cp38-cp38-manylinux_2_17_aarch64.manylinux2014_aarch64.whl", hash = "sha256:c207ccc9f2e459eab7952401dc9237e36d6b630b5020890736e6b18002a750f3"},
    {file = "cffi-1.17.0rc1-cp38-cp38-manylinux_2_17_ppc64le.manylinux2014_ppc64le.whl", hash = "sha256:4f17c3cfc4a7a53693bda38ac1631f30ceb2430f4a038550f5515728592ccd6f"},
    {file = "cffi-1.17.0rc1-cp38-cp38-manylinux_2_17_s390x.manylinux2014_s390x.whl", hash = "sha256:ca0dd9cfb6a3fd91d6f1de5a2e2ee7a0f4b5b753309ec4edce32d5505dbc9149"},
    {file = "cffi-1.17.0rc1-cp38-cp38-manylinux_2_17_x86_64.manylinux2014_x86_64.whl", hash = "sha256:a33648455eefb348b265bd10764833ab7d5f3811912a90dcefc00328d548da0d"},
    {file = "cffi-1.17.0rc1-cp38-cp38-win32.whl", hash = "sha256:8fe736c2666e20090ae52af3b0297fb9273830f9d31f6041d7a8c7172fb6a566"},
    {file = "cffi-1.17.0rc1-cp38-cp38-win_amd64.whl", hash = "sha256:d50cef1600b59ec5669a28050286a456682443f20be9b0226c0fe5502860216e"},
    {file = "cffi-1.17.0rc1-cp39-cp39-macosx_10_9_x86_64.whl", hash = "sha256:e3ae055e90ea13480185a1ef5325ebd9ac092e03f5f473be3e93eac62bfd43df"},
    {file = "cffi-1.17.0rc1-cp39-cp39-macosx_11_0_arm64.whl", hash = "sha256:7953cd1968a8ea99482d7bfcf5bb9c56d56e91660b97ee940923394c8194d921"},
    {file = "cffi-1.17.0rc1-cp39-cp39-manylinux_2_12_i686.manylinux2010_i686.manylinux_2_17_i686.manylinux2014_i686.whl", hash = "sha256:f9155a5b35097cbe7a2e31611daf681b7119d895090bb101bf94805fb6bc7834"},
    {file = "cffi-1.17.0rc1-cp39-cp39-manylinux_2_17_aarch64.manylinux2014_aarch64.whl", hash = "sha256:22eac8f9c77df0899a6cd373d6a62da40644573a5e27982f7713bd2a9f0b0edf"},
    {file = "cffi-1.17.0rc1-cp39-cp39-manylinux_2_17_ppc64le.manylinux2014_ppc64le.whl", hash = "sha256:6aff0256e080afb8964e091f94222c2808cdf7c5f13d58f88e799e2fbde53a9d"},
    {file = "cffi-1.17.0rc1-cp39-cp39-manylinux_2_17_s390x.manylinux2014_s390x.whl", hash = "sha256:8b77f45d5b938f8fa6d3087892458c57458f55a90410ce15c61585627930838b"},
    {file = "cffi-1.17.0rc1-cp39-cp39-manylinux_2_17_x86_64.manylinux2014_x86_64.whl", hash = "sha256:6bce1aa64c52c3cb0c7326dd81d1dc5a4831946b29721592983eb4ae80beb2ac"},
    {file = "cffi-1.17.0rc1-cp39-cp39-musllinux_1_1_aarch64.whl", hash = "sha256:b7cb4755dc605ac5f2cf0b00e4063fdc2ca474da7bdc473877f8b5cba133b43e"},
    {file = "cffi-1.17.0rc1-cp39-cp39-musllinux_1_1_i686.whl", hash = "sha256:fa76f23281fd49c305002f510c773ecf6216118f2e7083b34ffa06983d6db96a"},
    {file = "cffi-1.17.0rc1-cp39-cp39-musllinux_1_1_x86_64.whl", hash = "sha256:a23431415147e0c711742b4e273b362758e632bd11a1e676c58011f0ed96da42"},
    {file = "cffi-1.17.0rc1-cp39-cp39-win32.whl", hash = "sha256:3f60cc0a65ac412887ba284c946242ed4e07065003b358a4d288334f6c2a54ed"},
    {file = "cffi-1.17.0rc1-cp39-cp39-win_amd64.whl", hash = "sha256:494abc4dc78792d210249127a75021049c7832468f9daa6e81ec0dfc1f55d9d0"},
    {file = "cffi-1.17.0rc1.tar.gz", hash = "sha256:752c6a06036a24b54936f488ad13b0a83b7d1e0f9fefbe3a4fc237676b1091cf"},
]

[package.dependencies]
pycparser = "*"

[[package]]
name = "colorama"
version = "0.4.6"
description = "Cross-platform colored terminal text."
optional = false
python-versions = "!=3.0.*,!=3.1.*,!=3.2.*,!=3.3.*,!=3.4.*,!=3.5.*,!=3.6.*,>=2.7"
files = [
    {file = "colorama-0.4.6-py2.py3-none-any.whl", hash = "sha256:4f1d9991f5acc0ca119f9d443620b77f9d6b33703e51011c16baf57afb285fc6"},
    {file = "colorama-0.4.6.tar.gz", hash = "sha256:08695f5cb7ed6e0531a20572697297273c47b8cae5a63ffc6d6ed5c201be6e44"},
]

[[package]]
name = "docstring-parser"
version = "0.16"
description = "Parse Python docstrings in reST, Google and Numpydoc format"
optional = false
python-versions = ">=3.6,<4.0"
files = [
    {file = "docstring_parser-0.16-py3-none-any.whl", hash = "sha256:bf0a1387354d3691d102edef7ec124f219ef639982d096e26e3b60aeffa90637"},
    {file = "docstring_parser-0.16.tar.gz", hash = "sha256:538beabd0af1e2db0146b6bd3caa526c35a34d61af9fd2887f3a8a27a739aa6e"},
]

[[package]]
name = "markdown-it-py"
version = "3.0.0"
description = "Python port of markdown-it. Markdown parsing, done right!"
optional = false
python-versions = ">=3.8"
files = [
    {file = "markdown-it-py-3.0.0.tar.gz", hash = "sha256:e3f60a94fa066dc52ec76661e37c851cb232d92f9886b15cb560aaada2df8feb"},
    {file = "markdown_it_py-3.0.0-py3-none-any.whl", hash = "sha256:355216845c60bd96232cd8d8c40e8f9765cc86f46880e43a8fd22dc1a1a8cab1"},
]

[package.dependencies]
mdurl = ">=0.1,<1.0"

[package.extras]
benchmarking = ["psutil", "pytest", "pytest-benchmark"]
code-style = ["pre-commit (>=3.0,<4.0)"]
compare = ["commonmark (>=0.9,<1.0)", "markdown (>=3.4,<4.0)", "mistletoe (>=1.0,<2.0)", "mistune (>=2.0,<3.0)", "panflute (>=2.3,<3.0)"]
linkify = ["linkify-it-py (>=1,<3)"]
plugins = ["mdit-py-plugins"]
profiling = ["gprof2dot"]
rtd = ["jupyter_sphinx", "mdit-py-plugins", "myst-parser", "pyyaml", "sphinx", "sphinx-copybutton", "sphinx-design", "sphinx_book_theme"]
testing = ["coverage", "pytest", "pytest-cov", "pytest-regressions"]

[[package]]
name = "mdurl"
version = "0.1.2"
description = "Markdown URL utilities"
optional = false
python-versions = ">=3.7"
files = [
    {file = "mdurl-0.1.2-py3-none-any.whl", hash = "sha256:84008a41e51615a49fc9966191ff91509e3c40b939176e643fd50a5c2196b8f8"},
    {file = "mdurl-0.1.2.tar.gz", hash = "sha256:bb413d29f5eea38f31dd4754dd7377d4465116fb207585f97bf925588687c1ba"},
]

[[package]]
name = "numpy"
version = "2.0.0"
description = "Fundamental package for array computing in Python"
optional = false
python-versions = ">=3.9"
files = [
    {file = "numpy-2.0.0-cp310-cp310-macosx_10_9_x86_64.whl", hash = "sha256:04494f6ec467ccb5369d1808570ae55f6ed9b5809d7f035059000a37b8d7e86f"},
    {file = "numpy-2.0.0-cp310-cp310-macosx_11_0_arm64.whl", hash = "sha256:2635dbd200c2d6faf2ef9a0d04f0ecc6b13b3cad54f7c67c61155138835515d2"},
    {file = "numpy-2.0.0-cp310-cp310-macosx_14_0_arm64.whl", hash = "sha256:0a43f0974d501842866cc83471bdb0116ba0dffdbaac33ec05e6afed5b615238"},
    {file = "numpy-2.0.0-cp310-cp310-macosx_14_0_x86_64.whl", hash = "sha256:8d83bb187fb647643bd56e1ae43f273c7f4dbcdf94550d7938cfc32566756514"},
    {file = "numpy-2.0.0-cp310-cp310-manylinux_2_17_aarch64.manylinux2014_aarch64.whl", hash = "sha256:79e843d186c8fb1b102bef3e2bc35ef81160ffef3194646a7fdd6a73c6b97196"},
    {file = "numpy-2.0.0-cp310-cp310-manylinux_2_17_x86_64.manylinux2014_x86_64.whl", hash = "sha256:6d7696c615765091cc5093f76fd1fa069870304beaccfd58b5dcc69e55ef49c1"},
    {file = "numpy-2.0.0-cp310-cp310-musllinux_1_1_x86_64.whl", hash = "sha256:b4c76e3d4c56f145d41b7b6751255feefae92edbc9a61e1758a98204200f30fc"},
    {file = "numpy-2.0.0-cp310-cp310-musllinux_1_2_aarch64.whl", hash = "sha256:acd3a644e4807e73b4e1867b769fbf1ce8c5d80e7caaef0d90dcdc640dfc9787"},
    {file = "numpy-2.0.0-cp310-cp310-win32.whl", hash = "sha256:cee6cc0584f71adefe2c908856ccc98702baf95ff80092e4ca46061538a2ba98"},
    {file = "numpy-2.0.0-cp310-cp310-win_amd64.whl", hash = "sha256:ed08d2703b5972ec736451b818c2eb9da80d66c3e84aed1deeb0c345fefe461b"},
    {file = "numpy-2.0.0-cp311-cp311-macosx_10_9_x86_64.whl", hash = "sha256:ad0c86f3455fbd0de6c31a3056eb822fc939f81b1618f10ff3406971893b62a5"},
    {file = "numpy-2.0.0-cp311-cp311-macosx_11_0_arm64.whl", hash = "sha256:e7f387600d424f91576af20518334df3d97bc76a300a755f9a8d6e4f5cadd289"},
    {file = "numpy-2.0.0-cp311-cp311-macosx_14_0_arm64.whl", hash = "sha256:34f003cb88b1ba38cb9a9a4a3161c1604973d7f9d5552c38bc2f04f829536609"},
    {file = "numpy-2.0.0-cp311-cp311-macosx_14_0_x86_64.whl", hash = "sha256:b6f6a8f45d0313db07d6d1d37bd0b112f887e1369758a5419c0370ba915b3871"},
    {file = "numpy-2.0.0-cp311-cp311-manylinux_2_17_aarch64.manylinux2014_aarch64.whl", hash = "sha256:5f64641b42b2429f56ee08b4f427a4d2daf916ec59686061de751a55aafa22e4"},
    {file = "numpy-2.0.0-cp311-cp311-manylinux_2_17_x86_64.manylinux2014_x86_64.whl", hash = "sha256:a7039a136017eaa92c1848152827e1424701532ca8e8967fe480fe1569dae581"},
    {file = "numpy-2.0.0-cp311-cp311-musllinux_1_1_x86_64.whl", hash = "sha256:46e161722e0f619749d1cd892167039015b2c2817296104487cd03ed4a955995"},
    {file = "numpy-2.0.0-cp311-cp311-musllinux_1_2_aarch64.whl", hash = "sha256:0e50842b2295ba8414c8c1d9d957083d5dfe9e16828b37de883f51fc53c4016f"},
    {file = "numpy-2.0.0-cp311-cp311-win32.whl", hash = "sha256:2ce46fd0b8a0c947ae047d222f7136fc4d55538741373107574271bc00e20e8f"},
    {file = "numpy-2.0.0-cp311-cp311-win_amd64.whl", hash = "sha256:fbd6acc766814ea6443628f4e6751d0da6593dae29c08c0b2606164db026970c"},
    {file = "numpy-2.0.0-cp312-cp312-macosx_10_9_x86_64.whl", hash = "sha256:354f373279768fa5a584bac997de6a6c9bc535c482592d7a813bb0c09be6c76f"},
    {file = "numpy-2.0.0-cp312-cp312-macosx_11_0_arm64.whl", hash = "sha256:4d2f62e55a4cd9c58c1d9a1c9edaedcd857a73cb6fda875bf79093f9d9086f85"},
    {file = "numpy-2.0.0-cp312-cp312-macosx_14_0_arm64.whl", hash = "sha256:1e72728e7501a450288fc8e1f9ebc73d90cfd4671ebbd631f3e7857c39bd16f2"},
    {file = "numpy-2.0.0-cp312-cp312-macosx_14_0_x86_64.whl", hash = "sha256:84554fc53daa8f6abf8e8a66e076aff6ece62de68523d9f665f32d2fc50fd66e"},
    {file = "numpy-2.0.0-cp312-cp312-manylinux_2_17_aarch64.manylinux2014_aarch64.whl", hash = "sha256:c73aafd1afca80afecb22718f8700b40ac7cab927b8abab3c3e337d70e10e5a2"},
    {file = "numpy-2.0.0-cp312-cp312-manylinux_2_17_x86_64.manylinux2014_x86_64.whl", hash = "sha256:49d9f7d256fbc804391a7f72d4a617302b1afac1112fac19b6c6cec63fe7fe8a"},
    {file = "numpy-2.0.0-cp312-cp312-musllinux_1_1_x86_64.whl", hash = "sha256:0ec84b9ba0654f3b962802edc91424331f423dcf5d5f926676e0150789cb3d95"},
    {file = "numpy-2.0.0-cp312-cp312-musllinux_1_2_aarch64.whl", hash = "sha256:feff59f27338135776f6d4e2ec7aeeac5d5f7a08a83e80869121ef8164b74af9"},
    {file = "numpy-2.0.0-cp312-cp312-win32.whl", hash = "sha256:c5a59996dc61835133b56a32ebe4ef3740ea5bc19b3983ac60cc32be5a665d54"},
    {file = "numpy-2.0.0-cp312-cp312-win_amd64.whl", hash = "sha256:a356364941fb0593bb899a1076b92dfa2029f6f5b8ba88a14fd0984aaf76d0df"},
    {file = "numpy-2.0.0-cp39-cp39-macosx_10_9_x86_64.whl", hash = "sha256:e61155fae27570692ad1d327e81c6cf27d535a5d7ef97648a17d922224b216de"},
    {file = "numpy-2.0.0-cp39-cp39-macosx_11_0_arm64.whl", hash = "sha256:4554eb96f0fd263041baf16cf0881b3f5dafae7a59b1049acb9540c4d57bc8cb"},
    {file = "numpy-2.0.0-cp39-cp39-macosx_14_0_arm64.whl", hash = "sha256:903703372d46bce88b6920a0cd86c3ad82dae2dbef157b5fc01b70ea1cfc430f"},
    {file = "numpy-2.0.0-cp39-cp39-macosx_14_0_x86_64.whl", hash = "sha256:3e8e01233d57639b2e30966c63d36fcea099d17c53bf424d77f088b0f4babd86"},
    {file = "numpy-2.0.0-cp39-cp39-manylinux_2_17_aarch64.manylinux2014_aarch64.whl", hash = "sha256:1cde1753efe513705a0c6d28f5884e22bdc30438bf0085c5c486cdaff40cd67a"},
    {file = "numpy-2.0.0-cp39-cp39-manylinux_2_17_x86_64.manylinux2014_x86_64.whl", hash = "sha256:821eedb7165ead9eebdb569986968b541f9908979c2da8a4967ecac4439bae3d"},
    {file = "numpy-2.0.0-cp39-cp39-musllinux_1_1_x86_64.whl", hash = "sha256:9a1712c015831da583b21c5bfe15e8684137097969c6d22e8316ba66b5baabe4"},
    {file = "numpy-2.0.0-cp39-cp39-musllinux_1_2_aarch64.whl", hash = "sha256:9c27f0946a3536403efb0e1c28def1ae6730a72cd0d5878db38824855e3afc44"},
    {file = "numpy-2.0.0-cp39-cp39-win32.whl", hash = "sha256:63b92c512d9dbcc37f9d81b123dec99fdb318ba38c8059afc78086fe73820275"},
    {file = "numpy-2.0.0-cp39-cp39-win_amd64.whl", hash = "sha256:3f6bed7f840d44c08ebdb73b1825282b801799e325bcbdfa6bc5c370e5aecc65"},
    {file = "numpy-2.0.0-pp39-pypy39_pp73-macosx_10_9_x86_64.whl", hash = "sha256:9416a5c2e92ace094e9f0082c5fd473502c91651fb896bc17690d6fc475128d6"},
    {file = "numpy-2.0.0-pp39-pypy39_pp73-macosx_14_0_x86_64.whl", hash = "sha256:17067d097ed036636fa79f6a869ac26df7db1ba22039d962422506640314933a"},
    {file = "numpy-2.0.0-pp39-pypy39_pp73-manylinux_2_17_x86_64.manylinux2014_x86_64.whl", hash = "sha256:38ecb5b0582cd125f67a629072fed6f83562d9dd04d7e03256c9829bdec027ad"},
    {file = "numpy-2.0.0-pp39-pypy39_pp73-win_amd64.whl", hash = "sha256:cef04d068f5fb0518a77857953193b6bb94809a806bd0a14983a8f12ada060c9"},
    {file = "numpy-2.0.0.tar.gz", hash = "sha256:cf5d1c9e6837f8af9f92b6bd3e86d513cdc11f60fd62185cc49ec7d1aba34864"},
]

[[package]]
name = "pycparser"
version = "2.22"
description = "C parser in Python"
optional = false
python-versions = ">=3.8"
files = [
    {file = "pycparser-2.22-py3-none-any.whl", hash = "sha256:c3702b6d3dd8c7abc1afa565d7e63d53a1d0bd86cdc24edd75470f4de499cfcc"},
    {file = "pycparser-2.22.tar.gz", hash = "sha256:491c8be9c040f5390f5bf44a5b07752bd07f56edf992381b05c701439eec10f6"},
]

[[package]]
name = "pygments"
version = "2.18.0"
description = "Pygments is a syntax highlighting package written in Python."
optional = false
python-versions = ">=3.8"
files = [
    {file = "pygments-2.18.0-py3-none-any.whl", hash = "sha256:b8e6aca0523f3ab76fee51799c488e38782ac06eafcf95e7ba832985c8e7b13a"},
    {file = "pygments-2.18.0.tar.gz", hash = "sha256:786ff802f32e91311bff3889f6e9a86e81505fe99f2735bb6d60ae0c5004f199"},
]

[package.extras]
windows-terminal = ["colorama (>=0.4.6)"]

[[package]]
name = "raylib"
version = "5.0.0.3"
description = "Python CFFI bindings for Raylib"
optional = false
python-versions = "*"
files = [
    {file = "raylib-5.0.0.3-cp310-cp310-macosx_10_15_x86_64.whl", hash = "sha256:3ce516e3826bb55e467838a66f1b8a26dcfd2aca8d3779e000ce7a928893df13"},
    {file = "raylib-5.0.0.3-cp310-cp310-macosx_14_0_arm64.whl", hash = "sha256:819e8c08e959a7927c98a893aae175b86a228cfca38a58646a38c1ebbcb0cf21"},
    {file = "raylib-5.0.0.3-cp310-cp310-manylinux2014_aarch64.whl", hash = "sha256:fd504e038544cc00aea46a5897449a7ef3c3c60ba939c2b35ed066677df6a53b"},
    {file = "raylib-5.0.0.3-cp310-cp310-manylinux2014_x86_64.whl", hash = "sha256:29ccbba6a4314f9f0a2c9bf4d956f2ebfd0b621db1f319b6522dfe2337ddc53b"},
    {file = "raylib-5.0.0.3-cp310-cp310-win_amd64.whl", hash = "sha256:b947573a87ef63b53d3a1ce96bd9e253401d38c61bcf3b65438b55ed84ded01f"},
    {file = "raylib-5.0.0.3-cp311-cp311-macosx_10_15_x86_64.whl", hash = "sha256:2f9df97e3163ea6ebe446f3865f4c3631c03d86f0eea74f7e839b393b971f5a2"},
    {file = "raylib-5.0.0.3-cp311-cp311-macosx_14_0_arm64.whl", hash = "sha256:a9b47605536ddc729f9a1c9de1634d5226f21e62deea53ce6c3d5197f398d8c9"},
    {file = "raylib-5.0.0.3-cp311-cp311-manylinux2014_aarch64.whl", hash = "sha256:82ddfd1e09d4f2d44cc638f7edddefa0f86981523989cc8e46700f554fd3a4c8"},
    {file = "raylib-5.0.0.3-cp311-cp311-manylinux2014_x86_64.whl", hash = "sha256:2bdbf74d64cde1c92386ae46192857cc46c2386b67c098c1f1fd3623a2dc9186"},
    {file = "raylib-5.0.0.3-cp311-cp311-win_amd64.whl", hash = "sha256:aa1a0c4ab786722af1b5e5d8dbd5afc2a1c6e5b9ff63f88ff0069bf94c535fed"},
    {file = "raylib-5.0.0.3-cp312-cp312-macosx_10_15_x86_64.whl", hash = "sha256:bbd62bd8513f984204e66c5f1b358ca10e7cb2a1c71ae22966585985e10a1708"},
    {file = "raylib-5.0.0.3-cp312-cp312-macosx_14_0_arm64.whl", hash = "sha256:0d2027f0601d464d959f141a5b163be91d56695e714e25b410246c45bbb7d429"},
    {file = "raylib-5.0.0.3-cp312-cp312-manylinux2014_aarch64.whl", hash = "sha256:4f79a353a16726c32ae1ed334df5b1e5e2438d52918339ab617341a9bc4ea417"},
    {file = "raylib-5.0.0.3-cp312-cp312-manylinux2014_x86_64.whl", hash = "sha256:f188dab20c8e96097340d967cf0dbc3e78085de645ba068ca538c411a8591e17"},
    {file = "raylib-5.0.0.3-cp312-cp312-win_amd64.whl", hash = "sha256:308cacd1e1bd38ecc030603996a911084526d7294bd276c6d5612a1c14cc496d"},
    {file = "raylib-5.0.0.3-cp313-cp313-macosx_10_15_x86_64.whl", hash = "sha256:8d32d4e558b9f3cc9e86c681ecbdb51cb01ae72b3b1c769e880aab807b0e6cf8"},
    {file = "raylib-5.0.0.3-cp313-cp313-manylinux2014_x86_64.whl", hash = "sha256:fb7cfc59ecae9a3a10ba12aab3f043d49219c38219743bf6833cbc280e670a3b"},
    {file = "raylib-5.0.0.3-cp313-cp313-win_amd64.whl", hash = "sha256:ca928bc8a1e0eb8d7b75d3f3a532eff81d9e41d7a3621b82f3d0c8bf08aa3bc9"},
    {file = "raylib-5.0.0.3-cp38-cp38-macosx_10_15_x86_64.whl", hash = "sha256:027b0933d16275a73e4688cc01b5395051fb7b8ff35a7d51baf176ca6e2041ac"},
    {file = "raylib-5.0.0.3-cp38-cp38-manylinux2014_x86_64.whl", hash = "sha256:cdb40a1cb3d108cababe9388d15290085e11c42b696f64af284ef535fd82392c"},
    {file = "raylib-5.0.0.3-cp38-cp38-win_amd64.whl", hash = "sha256:81b6289a1ddd63ba7d2b6a59966cdc512a794dfcf9e84ea79981d107f8486d7d"},
    {file = "raylib-5.0.0.3-cp39-cp39-macosx_10_15_x86_64.whl", hash = "sha256:61d69ce35b89835bfe24eb126b39602713fc3983e367ead34df87fa382e700a8"},
    {file = "raylib-5.0.0.3-cp39-cp39-macosx_14_0_arm64.whl", hash = "sha256:528b53910419e72df9ce862c994479f9af0bd9d9efbef0a68b449a50cd231bda"},
    {file = "raylib-5.0.0.3-cp39-cp39-manylinux2014_aarch64.whl", hash = "sha256:f5534fc0dce60f39c1b0d3b5eb4c1aacbac53d9f8c2a51a68e251b4473455a6f"},
    {file = "raylib-5.0.0.3-cp39-cp39-manylinux2014_x86_64.whl", hash = "sha256:2e2b4c54c660ee6695f6786ca47812e3cdfb377f41a1aea8424e2e54802b33a9"},
    {file = "raylib-5.0.0.3-cp39-cp39-win_amd64.whl", hash = "sha256:f6c7324721c72145b7f49e3005a869f40a8931b0747da7862e1be5d8df212e46"},
    {file = "raylib-5.0.0.3-pp310-pypy310_pp73-macosx_10_15_x86_64.whl", hash = "sha256:08725641cf63bf22db5a7f153c10837a0a4b5e8bcc64a507db2e882db6b67b7e"},
    {file = "raylib-5.0.0.3-pp310-pypy310_pp73-manylinux2014_x86_64.whl", hash = "sha256:5ad6775477b877d2ecf8a6b15c5fa91c1033e72c1301f5eec47659ab80aea1f4"},
    {file = "raylib-5.0.0.3-pp310-pypy310_pp73-win_amd64.whl", hash = "sha256:fd12fa73bf5e4a887d01388389c0565e6738f98340bd5b6934f9d4887f4e816c"},
    {file = "raylib-5.0.0.3-pp38-pypy38_pp73-macosx_10_15_x86_64.whl", hash = "sha256:3bb902fa2b903e8b83c99c41168fa90d7bab0c713cd428d3d87f456ade5dcbc9"},
    {file = "raylib-5.0.0.3-pp38-pypy38_pp73-manylinux2014_x86_64.whl", hash = "sha256:680f17c0c1231ff089fd87de91ebef0aa1a9dce9e76a84665698fec4cdb542df"},
    {file = "raylib-5.0.0.3-pp38-pypy38_pp73-win_amd64.whl", hash = "sha256:d8e96065949c3a500ae072c8b275558e41a02001b6b652ec533ef8ba3ea5936c"},
    {file = "raylib-5.0.0.3-pp39-pypy39_pp73-macosx_10_15_x86_64.whl", hash = "sha256:e10987b1c6e60e30995e25af4807aa1106eac2480df71cedff4005051d4b011d"},
    {file = "raylib-5.0.0.3-pp39-pypy39_pp73-manylinux2014_x86_64.whl", hash = "sha256:58ec0d4988e8808b3b8f8020e89358ac25def7decdb11fcc34897a4a689209ec"},
    {file = "raylib-5.0.0.3-pp39-pypy39_pp73-win_amd64.whl", hash = "sha256:d79e303be25d9af4d37fd16442f15cbb97e915de0b3520e1055ab18e5f952859"},
]

[package.dependencies]
cffi = ">=1.17.0rc1"

[[package]]
name = "rich"
version = "13.7.1"
description = "Render rich text, tables, progress bars, syntax highlighting, markdown and more to the terminal"
optional = false
python-versions = ">=3.7.0"
files = [
    {file = "rich-13.7.1-py3-none-any.whl", hash = "sha256:4edbae314f59eb482f54e9e30bf00d33350aaa94f4bfcd4e9e3110e64d0d7222"},
    {file = "rich-13.7.1.tar.gz", hash = "sha256:9be308cb1fe2f1f57d67ce99e95af38a1e2bc71ad9813b0e247cf7ffbcc3a432"},
]

[package.dependencies]
markdown-it-py = ">=2.2.0"
pygments = ">=2.13.0,<3.0.0"

[package.extras]
jupyter = ["ipywidgets (>=7.5.1,<9)"]

[[package]]
name = "shtab"
version = "1.7.1"
description = "Automagic shell tab completion for Python CLI applications"
optional = false
python-versions = ">=3.7"
files = [
    {file = "shtab-1.7.1-py3-none-any.whl", hash = "sha256:32d3d2ff9022d4c77a62492b6ec875527883891e33c6b479ba4d41a51e259983"},
    {file = "shtab-1.7.1.tar.gz", hash = "sha256:4e4bcb02eeb82ec45920a5d0add92eac9c9b63b2804c9196c1f1fdc2d039243c"},
]

[package.extras]
dev = ["pytest (>=6)", "pytest-cov", "pytest-timeout"]

[[package]]
name = "tqdm"
version = "4.66.4"
description = "Fast, Extensible Progress Meter"
optional = false
python-versions = ">=3.7"
files = [
    {file = "tqdm-4.66.4-py3-none-any.whl", hash = "sha256:b75ca56b413b030bc3f00af51fd2c1a1a5eac6a0c1cca83cbb37a5c52abce644"},
    {file = "tqdm-4.66.4.tar.gz", hash = "sha256:e4d936c9de8727928f3be6079590e97d9abfe8d39a590be678eb5919ffc186bb"},
]

[package.dependencies]
colorama = {version = "*", markers = "platform_system == \"Windows\""}

[package.extras]
dev = ["pytest (>=6)", "pytest-cov", "pytest-timeout", "pytest-xdist"]
notebook = ["ipywidgets (>=6)"]
slack = ["slack-sdk"]
telegram = ["requests"]

[[package]]
name = "typing-extensions"
version = "4.12.2"
description = "Backported and Experimental Type Hints for Python 3.8+"
optional = false
python-versions = ">=3.8"
files = [
    {file = "typing_extensions-4.12.2-py3-none-any.whl", hash = "sha256:04e5ca0351e0f3f85c6853954072df659d0d13fac324d0072316b67d7794700d"},
    {file = "typing_extensions-4.12.2.tar.gz", hash = "sha256:1a7ead55c7e559dd4dee8856e3a88b41225abfe1ce8df57b7c13915fe121ffb8"},
]

[[package]]
name = "tyro"
version = "0.8.5"
description = "Strongly typed, zero-effort CLI interfaces"
optional = false
python-versions = ">=3.7"
files = [
    {file = "tyro-0.8.5-py3-none-any.whl", hash = "sha256:19965ee354dea7efe5086b2b54e24a6a1908f5b5bbe2550559772a73f4f906d7"},
    {file = "tyro-0.8.5.tar.gz", hash = "sha256:6523429c4ef6f7a08654534cb1c90a809f4d78c42bb1885f7e29bb55ce39fc6b"},
]

[package.dependencies]
colorama = {version = ">=0.4.0", markers = "platform_system == \"Windows\""}
docstring-parser = ">=0.16"
rich = ">=11.1.0"
shtab = ">=1.5.6"
typing-extensions = ">=4.7.0"

[package.extras]
dev = ["PyYAML (>=6.0)", "attrs (>=21.4.0)", "coverage[toml] (>=6.5.0)", "eval-type-backport (>=0.1.3)", "flax (>=0.6.9)", "frozendict (>=2.3.4)", "mypy (>=1.4.1)", "numpy (>=1.20.0)", "omegaconf (>=2.2.2)", "pydantic (>=2.5.2)", "pyright (>=1.1.349)", "pytest (>=7.1.2)", "pytest-cov (>=3.0.0)", "ruff (>=0.1.13)", "torch (>=1.10.0)"]

[metadata]
lock-version = "2.0"
python-versions = "^3.11"
content-hash = "eb9c5390fc594a8ebcb0ddf628c861d4c74025dd8c9944868933ad4a077120f0"
